
Microsoft Visual Studio Solution File, Format Version 12.00
# Visual Studio 15
VisualStudioVersion = 15.0.27130.2003
MinimumVisualStudioVersion = 10.0.40219.1
Project("{FAE04EC0-301F-11D3-BF4B-00C04F79EFBC}") = "PUBG_Replay_Manager", "PUBG_Replay_Manager\PUBG_Replay_Manager.csproj", "{8E10EB6A-C0C2-4E90-BF78-2872F5198C88}"
EndProject
Global
	GlobalSection(SolutionConfigurationPlatforms) = preSolution
		Debug|Any CPU = Debug|Any CPU
		Release|Any CPU = Release|Any CPU
	EndGlobalSection
	GlobalSection(ProjectConfigurationPlatforms) = postSolution
		{8E10EB6A-C0C2-4E90-BF78-2872F5198C88}.Debug|Any CPU.ActiveCfg = Debug|Any CPU
		{8E10EB6A-C0C2-4E90-BF78-2872F5198C88}.Debug|Any CPU.Build.0 = Debug|Any CPU
		{8E10EB6A-C0C2-4E90-BF78-2872F5198C88}.Release|Any CPU.ActiveCfg = Release|Any CPU
		{8E10EB6A-C0C2-4E90-BF78-2872F5198C88}.Release|Any CPU.Build.0 = Release|Any CPU
	EndGlobalSection
	GlobalSection(SolutionProperties) = preSolution
		HideSolutionNode = FALSE
	EndGlobalSection
	GlobalSection(ExtensibilityGlobals) = postSolution
		SolutionGuid = {CE7B3808-ED61-4D71-9FF2-06B7BC8C0B1A}
	EndGlobalSection
EndGlobal
